// !$*UTF8*$!
{
	archiveVersion = 1;
	classes = {
	};
	objectVersion = 55;
	objects = {

/* Begin PBXBuildFile section */
		492DD7F12887FE1D00C0A19A /* AppDelegate.swift in Sources */ = {isa = PBXBuildFile; fileRef = 492DD7F02887FE1D00C0A19A /* AppDelegate.swift */; };
		492DD7F32887FE1D00C0A19A /* SceneDelegate.swift in Sources */ = {isa = PBXBuildFile; fileRef = 492DD7F22887FE1D00C0A19A /* SceneDelegate.swift */; };
		492DD7F52887FE1D00C0A19A /* ViewController.swift in Sources */ = {isa = PBXBuildFile; fileRef = 492DD7F42887FE1D00C0A19A /* ViewController.swift */; };
		492DD7F82887FE1D00C0A19A /* Main.storyboard in Resources */ = {isa = PBXBuildFile; fileRef = 492DD7F62887FE1D00C0A19A /* Main.storyboard */; };
		492DD7FA2887FE1E00C0A19A /* Assets.xcassets in Resources */ = {isa = PBXBuildFile; fileRef = 492DD7F92887FE1E00C0A19A /* Assets.xcassets */; };
		492DD7FD2887FE1E00C0A19A /* LaunchScreen.storyboard in Resources */ = {isa = PBXBuildFile; fileRef = 492DD7FB2887FE1E00C0A19A /* LaunchScreen.storyboard */; };
		492DD8052887FEE400C0A19A /* LibraryCollectionViewCell.swift in Sources */ = {isa = PBXBuildFile; fileRef = 492DD8042887FEE400C0A19A /* LibraryCollectionViewCell.swift */; };
		492DD8072887FEF700C0A19A /* LibraryCollectionViewController.swift in Sources */ = {isa = PBXBuildFile; fileRef = 492DD8062887FEF700C0A19A /* LibraryCollectionViewController.swift */; };
		492DD8092888039600C0A19A /* MovieInfo.swift in Sources */ = {isa = PBXBuildFile; fileRef = 492DD8082888039600C0A19A /* MovieInfo.swift */; };
		492DD80B2888041E00C0A19A /* Movie.swift in Sources */ = {isa = PBXBuildFile; fileRef = 492DD80A2888041E00C0A19A /* Movie.swift */; };
		492DD80E2888150500C0A19A /* Toast in Frameworks */ = {isa = PBXBuildFile; productRef = 492DD80D2888150500C0A19A /* Toast */; };
/* End PBXBuildFile section */

/* Begin PBXFileReference section */
		492DD7ED2887FE1D00C0A19A /* LibraryProject.app */ = {isa = PBXFileReference; explicitFileType = wrapper.application; includeInIndex = 0; path = LibraryProject.app; sourceTree = BUILT_PRODUCTS_DIR; };
		492DD7F02887FE1D00C0A19A /* AppDelegate.swift */ = {isa = PBXFileReference; lastKnownFileType = sourcecode.swift; path = AppDelegate.swift; sourceTree = "<group>"; };
		492DD7F22887FE1D00C0A19A /* SceneDelegate.swift */ = {isa = PBXFileReference; lastKnownFileType = sourcecode.swift; path = SceneDelegate.swift; sourceTree = "<group>"; };
		492DD7F42887FE1D00C0A19A /* ViewController.swift */ = {isa = PBXFileReference; lastKnownFileType = sourcecode.swift; path = ViewController.swift; sourceTree = "<group>"; };
		492DD7F72887FE1D00C0A19A /* Base */ = {isa = PBXFileReference; lastKnownFileType = file.storyboard; name = Base; path = Base.lproj/Main.storyboard; sourceTree = "<group>"; };
		492DD7F92887FE1E00C0A19A /* Assets.xcassets */ = {isa = PBXFileReference; lastKnownFileType = folder.assetcatalog; path = Assets.xcassets; sourceTree = "<group>"; };
		492DD7FC2887FE1E00C0A19A /* Base */ = {isa = PBXFileReference; lastKnownFileType = file.storyboard; name = Base; path = Base.lproj/LaunchScreen.storyboard; sourceTree = "<group>"; };
		492DD7FE2887FE1E00C0A19A /* Info.plist */ = {isa = PBXFileReference; lastKnownFileType = text.plist.xml; path = Info.plist; sourceTree = "<group>"; };
		492DD8042887FEE400C0A19A /* LibraryCollectionViewCell.swift */ = {isa = PBXFileReference; lastKnownFileType = sourcecode.swift; path = LibraryCollectionViewCell.swift; sourceTree = "<group>"; };
		492DD8062887FEF700C0A19A /* LibraryCollectionViewController.swift */ = {isa = PBXFileReference; lastKnownFileType = sourcecode.swift; path = LibraryCollectionViewController.swift; sourceTree = "<group>"; };
		492DD8082888039600C0A19A /* MovieInfo.swift */ = {isa = PBXFileReference; fileEncoding = 4; lastKnownFileType = sourcecode.swift; path = MovieInfo.swift; sourceTree = "<group>"; };
		492DD80A2888041E00C0A19A /* Movie.swift */ = {isa = PBXFileReference; lastKnownFileType = sourcecode.swift; path = Movie.swift; sourceTree = "<group>"; };
/* End PBXFileReference section */

/* Begin PBXFrameworksBuildPhase section */
		492DD7EA2887FE1D00C0A19A /* Frameworks */ = {
			isa = PBXFrameworksBuildPhase;
			buildActionMask = 2147483647;
			files = (
				492DD80E2888150500C0A19A /* Toast in Frameworks */,
			);
			runOnlyForDeploymentPostprocessing = 0;
		};
/* End PBXFrameworksBuildPhase section */

/* Begin PBXGroup section */
		492DD7E42887FE1D00C0A19A = {
			isa = PBXGroup;
			children = (
				492DD7EF2887FE1D00C0A19A /* LibraryProject */,
				492DD7EE2887FE1D00C0A19A /* Products */,
			);
			sourceTree = "<group>";
		};
		492DD7EE2887FE1D00C0A19A /* Products */ = {
			isa = PBXGroup;
			children = (
				492DD7ED2887FE1D00C0A19A /* LibraryProject.app */,
			);
			name = Products;
			sourceTree = "<group>";
		};
		492DD7EF2887FE1D00C0A19A /* LibraryProject */ = {
			isa = PBXGroup;
			children = (
				492DD7F02887FE1D00C0A19A /* AppDelegate.swift */,
				492DD7F22887FE1D00C0A19A /* SceneDelegate.swift */,
				492DD7F42887FE1D00C0A19A /* ViewController.swift */,
				492DD7F62887FE1D00C0A19A /* Main.storyboard */,
				492DD8042887FEE400C0A19A /* LibraryCollectionViewCell.swift */,
				492DD8062887FEF700C0A19A /* LibraryCollectionViewController.swift */,
				492DD8082888039600C0A19A /* MovieInfo.swift */,
				492DD80A2888041E00C0A19A /* Movie.swift */,
				492DD7F92887FE1E00C0A19A /* Assets.xcassets */,
				492DD7FB2887FE1E00C0A19A /* LaunchScreen.storyboard */,
				492DD7FE2887FE1E00C0A19A /* Info.plist */,
			);
			path = LibraryProject;
			sourceTree = "<group>";
		};
/* End PBXGroup section */

/* Begin PBXNativeTarget section */
		492DD7EC2887FE1D00C0A19A /* LibraryProject */ = {
			isa = PBXNativeTarget;
			buildConfigurationList = 492DD8012887FE1E00C0A19A /* Build configuration list for PBXNativeTarget "LibraryProject" */;
			buildPhases = (
				492DD7E92887FE1D00C0A19A /* Sources */,
				492DD7EA2887FE1D00C0A19A /* Frameworks */,
				492DD7EB2887FE1D00C0A19A /* Resources */,
			);
			buildRules = (
			);
			dependencies = (
			);
			name = LibraryProject;
			packageProductDependencies = (
				492DD80D2888150500C0A19A /* Toast */,
			);
			productName = LibraryProject;
			productReference = 492DD7ED2887FE1D00C0A19A /* LibraryProject.app */;
			productType = "com.apple.product-type.application";
		};
/* End PBXNativeTarget section */

/* Begin PBXProject section */
		492DD7E52887FE1D00C0A19A /* Project object */ = {
			isa = PBXProject;
			attributes = {
				BuildIndependentTargetsInParallel = 1;
				LastSwiftUpdateCheck = 1340;
				LastUpgradeCheck = 1340;
				TargetAttributes = {
					492DD7EC2887FE1D00C0A19A = {
						CreatedOnToolsVersion = 13.4.1;
					};
				};
			};
			buildConfigurationList = 492DD7E82887FE1D00C0A19A /* Build configuration list for PBXProject "LibraryProject" */;
			compatibilityVersion = "Xcode 13.0";
			developmentRegion = en;
			hasScannedForEncodings = 0;
			knownRegions = (
				en,
				Base,
			);
			mainGroup = 492DD7E42887FE1D00C0A19A;
			packageReferences = (
				492DD80C2888150500C0A19A /* XCRemoteSwiftPackageReference "Toast-Swift" */,
			);
			productRefGroup = 492DD7EE2887FE1D00C0A19A /* Products */;
			projectDirPath = "";
			projectRoot = "";
			targets = (
				492DD7EC2887FE1D00C0A19A /* LibraryProject */,
			);
		};
/* End PBXProject section */

/* Begin PBXResourcesBuildPhase section */
		492DD7EB2887FE1D00C0A19A /* Resources */ = {
			isa = PBXResourcesBuildPhase;
			buildActionMask = 2147483647;
			files = (
				492DD7FD2887FE1E00C0A19A /* LaunchScreen.storyboard in Resources */,
				492DD7FA2887FE1E00C0A19A /* Assets.xcassets in Resources */,
				492DD7F82887FE1D00C0A19A /* Main.storyboard in Resources */,
			);
			runOnlyForDeploymentPostprocessing = 0;
		};
/* End PBXResourcesBuildPhase section */

/* Begin PBXSourcesBuildPhase section */
		492DD7E92887FE1D00C0A19A /* Sources */ = {
			isa = PBXSourcesBuildPhase;
			buildActionMask = 2147483647;
			files = (
				492DD80B2888041E00C0A19A /* Movie.swift in Sources */,
				492DD7F52887FE1D00C0A19A /* ViewController.swift in Sources */,
				492DD7F12887FE1D00C0A19A /* AppDelegate.swift in Sources */,
				492DD8072887FEF700C0A19A /* LibraryCollectionViewController.swift in Sources */,
				492DD8052887FEE400C0A19A /* LibraryCollectionViewCell.swift in Sources */,
				492DD8092888039600C0A19A /* MovieInfo.swift in Sources */,
				492DD7F32887FE1D00C0A19A /* SceneDelegate.swift in Sources */,
			);
			runOnlyForDeploymentPostprocessing = 0;
		};
/* End PBXSourcesBuildPhase section */

/* Begin PBXVariantGroup section */
		492DD7F62887FE1D00C0A19A /* Main.storyboard */ = {
			isa = PBXVariantGroup;
			children = (
				492DD7F72887FE1D00C0A19A /* Base */,
			);
			name = Main.storyboard;
			sourceTree = "<group>";
		};
		492DD7FB2887FE1E00C0A19A /* LaunchScreen.storyboard */ = {
			isa = PBXVariantGroup;
			children = (
				492DD7FC2887FE1E00C0A19A /* Base */,
			);
			name = LaunchScreen.storyboard;
			sourceTree = "<group>";
		};
/* End PBXVariantGroup section */

/* Begin XCBuildConfiguration section */
		492DD7FF2887FE1E00C0A19A /* Debug */ = {
			isa = XCBuildConfiguration;
			buildSettings = {
				ALWAYS_SEARCH_USER_PATHS = NO;
				CLANG_ANALYZER_NONNULL = YES;
				CLANG_ANALYZER_NUMBER_OBJECT_CONVERSION = YES_AGGRESSIVE;
				CLANG_CXX_LANGUAGE_STANDARD = "gnu++17";
				CLANG_ENABLE_MODULES = YES;
				CLANG_ENABLE_OBJC_ARC = YES;
				CLANG_ENABLE_OBJC_WEAK = YES;
				CLANG_WARN_BLOCK_CAPTURE_AUTORELEASING = YES;
				CLANG_WARN_BOOL_CONVERSION = YES;
				CLANG_WARN_COMMA = YES;
				CLANG_WARN_CONSTANT_CONVERSION = YES;
				CLANG_WARN_DEPRECATED_OBJC_IMPLEMENTATIONS = YES;
				CLANG_WARN_DIRECT_OBJC_ISA_USAGE = YES_ERROR;
				CLANG_WARN_DOCUMENTATION_COMMENTS = YES;
				CLANG_WARN_EMPTY_BODY = YES;
				CLANG_WARN_ENUM_CONVERSION = YES;
				CLANG_WARN_INFINITE_RECURSION = YES;
				CLANG_WARN_INT_CONVERSION = YES;
				CLANG_WARN_NON_LITERAL_NULL_CONVERSION = YES;
				CLANG_WARN_OBJC_IMPLICIT_RETAIN_SELF = YES;
				CLANG_WARN_OBJC_LITERAL_CONVERSION = YES;
				CLANG_WARN_OBJC_ROOT_CLASS = YES_ERROR;
				CLANG_WARN_QUOTED_INCLUDE_IN_FRAMEWORK_HEADER = YES;
				CLANG_WARN_RANGE_LOOP_ANALYSIS = YES;
				CLANG_WARN_STRICT_PROTOTYPES = YES;
				CLANG_WARN_SUSPICIOUS_MOVE = YES;
				CLANG_WARN_UNGUARDED_AVAILABILITY = YES_AGGRESSIVE;
				CLANG_WARN_UNREACHABLE_CODE = YES;
				CLANG_WARN__DUPLICATE_METHOD_MATCH = YES;
				COPY_PHASE_STRIP = NO;
				DEBUG_INFORMATION_FORMAT = dwarf;
				ENABLE_STRICT_OBJC_MSGSEND = YES;
				ENABLE_TESTABILITY = YES;
				GCC_C_LANGUAGE_STANDARD = gnu11;
				GCC_DYNAMIC_NO_PIC = NO;
				GCC_NO_COMMON_BLOCKS = YES;
				GCC_OPTIMIZATION_LEVEL = 0;
				GCC_PREPROCESSOR_DEFINITIONS = (
					"DEBUG=1",
					"$(inherited)",
				);
				GCC_WARN_64_TO_32_BIT_CONVERSION = YES;
				GCC_WARN_ABOUT_RETURN_TYPE = YES_ERROR;
				GCC_WARN_UNDECLARED_SELECTOR = YES;
				GCC_WARN_UNINITIALIZED_AUTOS = YES_AGGRESSIVE;
				GCC_WARN_UNUSED_FUNCTION = YES;
				GCC_WARN_UNUSED_VARIABLE = YES;
				IPHONEOS_DEPLOYMENT_TARGET = 15.5;
				MTL_ENABLE_DEBUG_INFO = INCLUDE_SOURCE;
				MTL_FAST_MATH = YES;
				ONLY_ACTIVE_ARCH = YES;
				SDKROOT = iphoneos;
				SWIFT_ACTIVE_COMPILATION_CONDITIONS = DEBUG;
				SWIFT_OPTIMIZATION_LEVEL = "-Onone";
			};
			name = Debug;
		};
		492DD8002887FE1E00C0A19A /* Release */ = {
			isa = XCBuildConfiguration;
			buildSettings = {
				ALWAYS_SEARCH_USER_PATHS = NO;
				CLANG_ANALYZER_NONNULL = YES;
				CLANG_ANALYZER_NUMBER_OBJECT_CONVERSION = YES_AGGRESSIVE;
				CLANG_CXX_LANGUAGE_STANDARD = "gnu++17";
				CLANG_ENABLE_MODULES = YES;
				CLANG_ENABLE_OBJC_ARC = YES;
				CLANG_ENABLE_OBJC_WEAK = YES;
				CLANG_WARN_BLOCK_CAPTURE_AUTORELEASING = YES;
				CLANG_WARN_BOOL_CONVERSION = YES;
				CLANG_WARN_COMMA = YES;
				CLANG_WARN_CONSTANT_CONVERSION = YES;
				CLANG_WARN_DEPRECATED_OBJC_IMPLEMENTATIONS = YES;
				CLANG_WARN_DIRECT_OBJC_ISA_USAGE = YES_ERROR;
				CLANG_WARN_DOCUMENTATION_COMMENTS = YES;
				CLANG_WARN_EMPTY_BODY = YES;
				CLANG_WARN_ENUM_CONVERSION = YES;
				CLANG_WARN_INFINITE_RECURSION = YES;
				CLANG_WARN_INT_CONVERSION = YES;
				CLANG_WARN_NON_LITERAL_NULL_CONVERSION = YES;
				CLANG_WARN_OBJC_IMPLICIT_RETAIN_SELF = YES;
				CLANG_WARN_OBJC_LITERAL_CONVERSION = YES;
				CLANG_WARN_OBJC_ROOT_CLASS = YES_ERROR;
				CLANG_WARN_QUOTED_INCLUDE_IN_FRAMEWORK_HEADER = YES;
				CLANG_WARN_RANGE_LOOP_ANALYSIS = YES;
				CLANG_WARN_STRICT_PROTOTYPES = YES;
				CLANG_WARN_SUSPICIOUS_MOVE = YES;
				CLANG_WARN_UNGUARDED_AVAILABILITY = YES_AGGRESSIVE;
				CLANG_WARN_UNREACHABLE_CODE = YES;
				CLANG_WARN__DUPLICATE_METHOD_MATCH = YES;
				COPY_PHASE_STRIP = NO;
				DEBUG_INFORMATION_FORMAT = "dwarf-with-dsym";
				ENABLE_NS_ASSERTIONS = NO;
				ENABLE_STRICT_OBJC_MSGSEND = YES;
				GCC_C_LANGUAGE_STANDARD = gnu11;
				GCC_NO_COMMON_BLOCKS = YES;
				GCC_WARN_64_TO_32_BIT_CONVERSION = YES;
				GCC_WARN_ABOUT_RETURN_TYPE = YES_ERROR;
				GCC_WARN_UNDECLARED_SELECTOR = YES;
				GCC_WARN_UNINITIALIZED_AUTOS = YES_AGGRESSIVE;
				GCC_WARN_UNUSED_FUNCTION = YES;
				GCC_WARN_UNUSED_VARIABLE = YES;
				IPHONEOS_DEPLOYMENT_TARGET = 15.5;
				MTL_ENABLE_DEBUG_INFO = NO;
				MTL_FAST_MATH = YES;
				SDKROOT = iphoneos;
				SWIFT_COMPILATION_MODE = wholemodule;
				SWIFT_OPTIMIZATION_LEVEL = "-O";
				VALIDATE_PRODUCT = YES;
			};
			name = Release;
		};
		492DD8022887FE1E00C0A19A /* Debug */ = {
			isa = XCBuildConfiguration;
			buildSettings = {
				ASSETCATALOG_COMPILER_APPICON_NAME = AppIcon;
				ASSETCATALOG_COMPILER_GLOBAL_ACCENT_COLOR_NAME = AccentColor;
				CODE_SIGN_STYLE = Automatic;
				CURRENT_PROJECT_VERSION = 1;
				DEVELOPMENT_TEAM = AW5HC5SGGG;
				GENERATE_INFOPLIST_FILE = YES;
				INFOPLIST_FILE = LibraryProject/Info.plist;
				INFOPLIST_KEY_UIApplicationSupportsIndirectInputEvents = YES;
				INFOPLIST_KEY_UILaunchStoryboardName = LaunchScreen;
				INFOPLIST_KEY_UIMainStoryboardFile = Main;
				INFOPLIST_KEY_UISupportedInterfaceOrientations_iPad = "UIInterfaceOrientationPortrait UIInterfaceOrientationPortraitUpsideDown UIInterfaceOrientationLandscapeLeft UIInterfaceOrientationLandscapeRight";
				INFOPLIST_KEY_UISupportedInterfaceOrientations_iPhone = "UIInterfaceOrientationPortrait UIInterfaceOrientationLandscapeLeft UIInterfaceOrientationLandscapeRight";
				LD_RUNPATH_SEARCH_PATHS = (
					"$(inherited)",
					"@executable_path/Frameworks",
				);
				MARKETING_VERSION = 1.0;
				PRODUCT_BUNDLE_IDENTIFIER = com.dlee..LibraryProject;
				PRODUCT_NAME = "$(TARGET_NAME)";
				SWIFT_EMIT_LOC_STRINGS = YES;
				SWIFT_VERSION = 5.0;
				TARGETED_DEVICE_FAMILY = "1,2";
			};
			name = Debug;
		};
		492DD8032887FE1E00C0A19A /* Release */ = {
			isa = XCBuildConfiguration;
			buildSettings = {
				ASSETCATALOG_COMPILER_APPICON_NAME = AppIcon;
				ASSETCATALOG_COMPILER_GLOBAL_ACCENT_COLOR_NAME = AccentColor;
				CODE_SIGN_STYLE = Automatic;
				CURRENT_PROJECT_VERSION = 1;
				DEVELOPMENT_TEAM = AW5HC5SGGG;
				GENERATE_INFOPLIST_FILE = YES;
				INFOPLIST_FILE = LibraryProject/Info.plist;
				INFOPLIST_KEY_UIApplicationSupportsIndirectInputEvents = YES;
				INFOPLIST_KEY_UILaunchStoryboardName = LaunchScreen;
				INFOPLIST_KEY_UIMainStoryboardFile = Main;
				INFOPLIST_KEY_UISupportedInterfaceOrientations_iPad = "UIInterfaceOrientationPortrait UIInterfaceOrientationPortraitUpsideDown UIInterfaceOrientationLandscapeLeft UIInterfaceOrientationLandscapeRight";
				INFOPLIST_KEY_UISupportedInterfaceOrientations_iPhone = "UIInterfaceOrientationPortrait UIInterfaceOrientationLandscapeLeft UIInterfaceOrientationLandscapeRight";
				LD_RUNPATH_SEARCH_PATHS = (
					"$(inherited)",
					"@executable_path/Frameworks",
				);
				MARKETING_VERSION = 1.0;
				PRODUCT_BUNDLE_IDENTIFIER = com.dlee..LibraryProject;
				PRODUCT_NAME = "$(TARGET_NAME)";
				SWIFT_EMIT_LOC_STRINGS = YES;
				SWIFT_VERSION = 5.0;
				TARGETED_DEVICE_FAMILY = "1,2";
			};
			name = Release;
		};
/* End XCBuildConfiguration section */

/* Begin XCConfigurationList section */
		492DD7E82887FE1D00C0A19A /* Build configuration list for PBXProject "LibraryProject" */ = {
			isa = XCConfigurationList;
			buildConfigurations = (
				492DD7FF2887FE1E00C0A19A /* Debug */,
				492DD8002887FE1E00C0A19A /* Release */,
			);
			defaultConfigurationIsVisible = 0;
			defaultConfigurationName = Release;
		};
		492DD8012887FE1E00C0A19A /* Build configuration list for PBXNativeTarget "LibraryProject" */ = {
			isa = XCConfigurationList;
			buildConfigurations = (
				492DD8022887FE1E00C0A19A /* Debug */,
				492DD8032887FE1E00C0A19A /* Release */,
			);
			defaultConfigurationIsVisible = 0;
			defaultConfigurationName = Release;
		};
/* End XCConfigurationList section */

/* Begin XCRemoteSwiftPackageReference section */
		492DD80C2888150500C0A19A /* XCRemoteSwiftPackageReference "Toast-Swift" */ = {
			isa = XCRemoteSwiftPackageReference;
			repositoryURL = "https://github.com/scalessec/Toast-Swift";
			requirement = {
				kind = upToNextMajorVersion;
				minimumVersion = 5.0.0;
			};
		};
/* End XCRemoteSwiftPackageReference section */

/* Begin XCSwiftPackageProductDependency section */
		492DD80D2888150500C0A19A /* Toast */ = {
			isa = XCSwiftPackageProductDependency;
			package = 492DD80C2888150500C0A19A /* XCRemoteSwiftPackageReference "Toast-Swift" */;
			productName = Toast;
		};
/* End XCSwiftPackageProductDependency section */
	};
	rootObject = 492DD7E52887FE1D00C0A19A /* Project object */;
}
