// !$*UTF8*$!
{
	archiveVersion = 1;
	classes = {
	};
	objectVersion = 55;
	objects = {

/* Begin PBXBuildFile section */
		490D91592886400C006A686E /* Search.storyboard in Resources */ = {isa = PBXBuildFile; fileRef = 490D91582886400C006A686E /* Search.storyboard */; };
		490D915B28864045006A686E /* Trend.storyboard in Resources */ = {isa = PBXBuildFile; fileRef = 490D915A28864045006A686E /* Trend.storyboard */; };
		490D915E2886408B006A686E /* intro.storyboard in Resources */ = {isa = PBXBuildFile; fileRef = 490D915D2886408B006A686E /* intro.storyboard */; };
		490D916028864408006A686E /* TrendViewController.swift in Sources */ = {isa = PBXBuildFile; fileRef = 490D915F28864408006A686E /* TrendViewController.swift */; };
		490D916228864414006A686E /* SearchViewController.swift in Sources */ = {isa = PBXBuildFile; fileRef = 490D916128864414006A686E /* SearchViewController.swift */; };
		490D916428864533006A686E /* UIViewController + Extension.swift in Sources */ = {isa = PBXBuildFile; fileRef = 490D916328864533006A686E /* UIViewController + Extension.swift */; };
		490D91662886478E006A686E /* UITextField+Extension.swift in Sources */ = {isa = PBXBuildFile; fileRef = 490D91652886478E006A686E /* UITextField+Extension.swift */; };
		490D916828864BA1006A686E /* BucketlistTableViewController.swift in Sources */ = {isa = PBXBuildFile; fileRef = 490D916728864BA1006A686E /* BucketlistTableViewController.swift */; };
		490D916A28864DA0006A686E /* BucketlistTableViewCell.swift in Sources */ = {isa = PBXBuildFile; fileRef = 490D916928864DA0006A686E /* BucketlistTableViewCell.swift */; };
		490D916C28869296006A686E /* Shopping.storyboard in Resources */ = {isa = PBXBuildFile; fileRef = 490D916B28869296006A686E /* Shopping.storyboard */; };
		490D916F2886938F006A686E /* ShoppingTableViewController.swift in Sources */ = {isa = PBXBuildFile; fileRef = 490D916E2886938F006A686E /* ShoppingTableViewController.swift */; };
		490D9171288693AD006A686E /* ShoppingTableViewCell.swift in Sources */ = {isa = PBXBuildFile; fileRef = 490D9170288693AD006A686E /* ShoppingTableViewCell.swift */; };
		490D917528872C05006A686E /* SearchTableViewCell.swift in Sources */ = {isa = PBXBuildFile; fileRef = 490D917428872C05006A686E /* SearchTableViewCell.swift */; };
		490D917728872C24006A686E /* SearchTableViewController.swift in Sources */ = {isa = PBXBuildFile; fileRef = 490D917628872C24006A686E /* SearchTableViewController.swift */; };
		49902E132884DDCE00B5F481 /* AppDelegate.swift in Sources */ = {isa = PBXBuildFile; fileRef = 49902E122884DDCE00B5F481 /* AppDelegate.swift */; };
		49902E152884DDCE00B5F481 /* SceneDelegate.swift in Sources */ = {isa = PBXBuildFile; fileRef = 49902E142884DDCE00B5F481 /* SceneDelegate.swift */; };
		49902E172884DDCE00B5F481 /* ViewController.swift in Sources */ = {isa = PBXBuildFile; fileRef = 49902E162884DDCE00B5F481 /* ViewController.swift */; };
		49902E1A2884DDCE00B5F481 /* Main.storyboard in Resources */ = {isa = PBXBuildFile; fileRef = 49902E182884DDCE00B5F481 /* Main.storyboard */; };
		49902E1C2884DDD200B5F481 /* Assets.xcassets in Resources */ = {isa = PBXBuildFile; fileRef = 49902E1B2884DDD200B5F481 /* Assets.xcassets */; };
		49902E1F2884DDD200B5F481 /* LaunchScreen.storyboard in Resources */ = {isa = PBXBuildFile; fileRef = 49902E1D2884DDD200B5F481 /* LaunchScreen.storyboard */; };
		49902E272884F10F00B5F481 /* Home.storyboard in Resources */ = {isa = PBXBuildFile; fileRef = 49902E262884F10F00B5F481 /* Home.storyboard */; };
		49902E292884FE3C00B5F481 /* HomeTableViewController.swift in Sources */ = {isa = PBXBuildFile; fileRef = 49902E282884FE3C00B5F481 /* HomeTableViewController.swift */; };
		49902E2B28850FD800B5F481 /* Setting.storyboard in Resources */ = {isa = PBXBuildFile; fileRef = 49902E2A28850FD800B5F481 /* Setting.storyboard */; };
		49E3ACF82887871C0057296C /* SearchMovieTableViewController.swift in Sources */ = {isa = PBXBuildFile; fileRef = 49E3ACF72887871C0057296C /* SearchMovieTableViewController.swift */; };
		49E3ACFA288787750057296C /* SearchMovieTableViewCell.swift in Sources */ = {isa = PBXBuildFile; fileRef = 49E3ACF9288787750057296C /* SearchMovieTableViewCell.swift */; };
		49E3ACFC28878CA40057296C /* Movie.swift in Sources */ = {isa = PBXBuildFile; fileRef = 49E3ACFB28878CA40057296C /* Movie.swift */; };
		49E3ACFE288795350057296C /* MovieInfo.swift in Sources */ = {isa = PBXBuildFile; fileRef = 49E3ACFD288795350057296C /* MovieInfo.swift */; };
		49E3AD0028879AA60057296C /* Recommend1CollectionViewController.swift in Sources */ = {isa = PBXBuildFile; fileRef = 49E3ACFF28879AA60057296C /* Recommend1CollectionViewController.swift */; };
		49E3AD0228879DFB0057296C /* RecommendCollectionViewCell.swift in Sources */ = {isa = PBXBuildFile; fileRef = 49E3AD0128879DFB0057296C /* RecommendCollectionViewCell.swift */; };
		49E3AD052887AE6C0057296C /* Kingfisher in Frameworks */ = {isa = PBXBuildFile; productRef = 49E3AD042887AE6C0057296C /* Kingfisher */; };
		49E3AD082887AE810057296C /* Toast in Frameworks */ = {isa = PBXBuildFile; productRef = 49E3AD072887AE810057296C /* Toast */; };
		49E3AD0A2887DF090057296C /* HarryPotter.swift in Sources */ = {isa = PBXBuildFile; fileRef = 49E3AD092887DF090057296C /* HarryPotter.swift */; };
		49E3AD0C2887E2780057296C /* HarryPotterInfo.swift in Sources */ = {isa = PBXBuildFile; fileRef = 49E3AD0B2887E2780057296C /* HarryPotterInfo.swift */; };
		49EFE7DE2885657200F99CC9 /* SettingTableViewController.swift in Sources */ = {isa = PBXBuildFile; fileRef = 49EFE7DD2885657200F99CC9 /* SettingTableViewController.swift */; };
/* End PBXBuildFile section */

/* Begin PBXFileReference section */
		490D91582886400C006A686E /* Search.storyboard */ = {isa = PBXFileReference; lastKnownFileType = file.storyboard; path = Search.storyboard; sourceTree = "<group>"; };
		490D915A28864045006A686E /* Trend.storyboard */ = {isa = PBXFileReference; lastKnownFileType = file.storyboard; path = Trend.storyboard; sourceTree = "<group>"; };
		490D915D2886408B006A686E /* intro.storyboard */ = {isa = PBXFileReference; lastKnownFileType = file.storyboard; path = intro.storyboard; sourceTree = "<group>"; };
		490D915F28864408006A686E /* TrendViewController.swift */ = {isa = PBXFileReference; lastKnownFileType = sourcecode.swift; path = TrendViewController.swift; sourceTree = "<group>"; };
		490D916128864414006A686E /* SearchViewController.swift */ = {isa = PBXFileReference; lastKnownFileType = sourcecode.swift; path = SearchViewController.swift; sourceTree = "<group>"; };
		490D916328864533006A686E /* UIViewController + Extension.swift */ = {isa = PBXFileReference; lastKnownFileType = sourcecode.swift; path = "UIViewController + Extension.swift"; sourceTree = "<group>"; };
		490D91652886478E006A686E /* UITextField+Extension.swift */ = {isa = PBXFileReference; lastKnownFileType = sourcecode.swift; path = "UITextField+Extension.swift"; sourceTree = "<group>"; };
		490D916728864BA1006A686E /* BucketlistTableViewController.swift */ = {isa = PBXFileReference; lastKnownFileType = sourcecode.swift; path = BucketlistTableViewController.swift; sourceTree = "<group>"; };
		490D916928864DA0006A686E /* BucketlistTableViewCell.swift */ = {isa = PBXFileReference; lastKnownFileType = sourcecode.swift; path = BucketlistTableViewCell.swift; sourceTree = "<group>"; };
		490D916B28869296006A686E /* Shopping.storyboard */ = {isa = PBXFileReference; lastKnownFileType = file.storyboard; path = Shopping.storyboard; sourceTree = "<group>"; };
		490D916E2886938F006A686E /* ShoppingTableViewController.swift */ = {isa = PBXFileReference; lastKnownFileType = sourcecode.swift; path = ShoppingTableViewController.swift; sourceTree = "<group>"; };
		490D9170288693AD006A686E /* ShoppingTableViewCell.swift */ = {isa = PBXFileReference; lastKnownFileType = sourcecode.swift; path = ShoppingTableViewCell.swift; sourceTree = "<group>"; };
		490D917428872C05006A686E /* SearchTableViewCell.swift */ = {isa = PBXFileReference; lastKnownFileType = sourcecode.swift; name = SearchTableViewCell.swift; path = "TrendMedia/New Group/7-19_Assignment/SearchTableViewCell.swift"; sourceTree = SOURCE_ROOT; };
		490D917628872C24006A686E /* SearchTableViewController.swift */ = {isa = PBXFileReference; lastKnownFileType = sourcecode.swift; path = SearchTableViewController.swift; sourceTree = "<group>"; };
		49902E0F2884DDCE00B5F481 /* TrendMedia.app */ = {isa = PBXFileReference; explicitFileType = wrapper.application; includeInIndex = 0; path = TrendMedia.app; sourceTree = BUILT_PRODUCTS_DIR; };
		49902E122884DDCE00B5F481 /* AppDelegate.swift */ = {isa = PBXFileReference; lastKnownFileType = sourcecode.swift; path = AppDelegate.swift; sourceTree = "<group>"; };
		49902E142884DDCE00B5F481 /* SceneDelegate.swift */ = {isa = PBXFileReference; lastKnownFileType = sourcecode.swift; path = SceneDelegate.swift; sourceTree = "<group>"; };
		49902E162884DDCE00B5F481 /* ViewController.swift */ = {isa = PBXFileReference; lastKnownFileType = sourcecode.swift; path = ViewController.swift; sourceTree = "<group>"; };
		49902E192884DDCE00B5F481 /* Base */ = {isa = PBXFileReference; lastKnownFileType = file.storyboard; name = Base; path = Base.lproj/Main.storyboard; sourceTree = "<group>"; };
		49902E1B2884DDD200B5F481 /* Assets.xcassets */ = {isa = PBXFileReference; lastKnownFileType = folder.assetcatalog; path = Assets.xcassets; sourceTree = "<group>"; };
		49902E1E2884DDD200B5F481 /* Base */ = {isa = PBXFileReference; lastKnownFileType = file.storyboard; name = Base; path = Base.lproj/LaunchScreen.storyboard; sourceTree = "<group>"; };
		49902E202884DDD200B5F481 /* Info.plist */ = {isa = PBXFileReference; lastKnownFileType = text.plist.xml; path = Info.plist; sourceTree = "<group>"; };
		49902E262884F10F00B5F481 /* Home.storyboard */ = {isa = PBXFileReference; lastKnownFileType = file.storyboard; path = Home.storyboard; sourceTree = "<group>"; };
		49902E282884FE3C00B5F481 /* HomeTableViewController.swift */ = {isa = PBXFileReference; lastKnownFileType = sourcecode.swift; path = HomeTableViewController.swift; sourceTree = "<group>"; };
		49902E2A28850FD800B5F481 /* Setting.storyboard */ = {isa = PBXFileReference; lastKnownFileType = file.storyboard; path = Setting.storyboard; sourceTree = "<group>"; };
		49E3ACF72887871C0057296C /* SearchMovieTableViewController.swift */ = {isa = PBXFileReference; lastKnownFileType = sourcecode.swift; path = SearchMovieTableViewController.swift; sourceTree = "<group>"; };
		49E3ACF9288787750057296C /* SearchMovieTableViewCell.swift */ = {isa = PBXFileReference; lastKnownFileType = sourcecode.swift; path = SearchMovieTableViewCell.swift; sourceTree = "<group>"; };
		49E3ACFB28878CA40057296C /* Movie.swift */ = {isa = PBXFileReference; lastKnownFileType = sourcecode.swift; path = Movie.swift; sourceTree = "<group>"; };
		49E3ACFD288795350057296C /* MovieInfo.swift */ = {isa = PBXFileReference; fileEncoding = 4; lastKnownFileType = sourcecode.swift; path = MovieInfo.swift; sourceTree = "<group>"; };
		49E3ACFF28879AA60057296C /* Recommend1CollectionViewController.swift */ = {isa = PBXFileReference; lastKnownFileType = sourcecode.swift; path = Recommend1CollectionViewController.swift; sourceTree = "<group>"; };
		49E3AD0128879DFB0057296C /* RecommendCollectionViewCell.swift */ = {isa = PBXFileReference; lastKnownFileType = sourcecode.swift; path = RecommendCollectionViewCell.swift; sourceTree = "<group>"; };
		49E3AD092887DF090057296C /* HarryPotter.swift */ = {isa = PBXFileReference; lastKnownFileType = sourcecode.swift; path = HarryPotter.swift; sourceTree = "<group>"; };
		49E3AD0B2887E2780057296C /* HarryPotterInfo.swift */ = {isa = PBXFileReference; lastKnownFileType = sourcecode.swift; path = HarryPotterInfo.swift; sourceTree = "<group>"; };
		49EFE7DD2885657200F99CC9 /* SettingTableViewController.swift */ = {isa = PBXFileReference; lastKnownFileType = sourcecode.swift; path = SettingTableViewController.swift; sourceTree = "<group>"; };
/* End PBXFileReference section */

/* Begin PBXFrameworksBuildPhase section */
		49902E0C2884DDCE00B5F481 /* Frameworks */ = {
			isa = PBXFrameworksBuildPhase;
			buildActionMask = 2147483647;
			files = (
				49E3AD082887AE810057296C /* Toast in Frameworks */,
				49E3AD052887AE6C0057296C /* Kingfisher in Frameworks */,
			);
			runOnlyForDeploymentPostprocessing = 0;
		};
/* End PBXFrameworksBuildPhase section */

/* Begin PBXGroup section */
		490D915C2886405D006A686E /* New Group */ = {
			isa = PBXGroup;
			children = (
				49E3ACF9288787750057296C /* SearchMovieTableViewCell.swift */,
				49E3ACF72887871C0057296C /* SearchMovieTableViewController.swift */,
				49E3ACFD288795350057296C /* MovieInfo.swift */,
				49E3ACFB28878CA40057296C /* Movie.swift */,
				490D915A28864045006A686E /* Trend.storyboard */,
				49E3AD0128879DFB0057296C /* RecommendCollectionViewCell.swift */,
				49E3ACFF28879AA60057296C /* Recommend1CollectionViewController.swift */,
				490D916928864DA0006A686E /* BucketlistTableViewCell.swift */,
				490D916728864BA1006A686E /* BucketlistTableViewController.swift */,
				490D915F28864408006A686E /* TrendViewController.swift */,
				490D91652886478E006A686E /* UITextField+Extension.swift */,
				490D916328864533006A686E /* UIViewController + Extension.swift */,
				490D915D2886408B006A686E /* intro.storyboard */,
				490D916128864414006A686E /* SearchViewController.swift */,
				49902E282884FE3C00B5F481 /* HomeTableViewController.swift */,
				49902E2A28850FD800B5F481 /* Setting.storyboard */,
				49EFE7DD2885657200F99CC9 /* SettingTableViewController.swift */,
				490D916D288692BD006A686E /* 7-19_Assignment */,
			);
			path = "New Group";
			sourceTree = "<group>";
		};
		490D916D288692BD006A686E /* 7-19_Assignment */ = {
			isa = PBXGroup;
			children = (
				490D916B28869296006A686E /* Shopping.storyboard */,
				490D9170288693AD006A686E /* ShoppingTableViewCell.swift */,
				490D916E2886938F006A686E /* ShoppingTableViewController.swift */,
				490D91582886400C006A686E /* Search.storyboard */,
				490D917628872C24006A686E /* SearchTableViewController.swift */,
				490D917428872C05006A686E /* SearchTableViewCell.swift */,
				49E3AD092887DF090057296C /* HarryPotter.swift */,
				49E3AD0B2887E2780057296C /* HarryPotterInfo.swift */,
			);
			path = "7-19_Assignment";
			sourceTree = "<group>";
		};
		49902E062884DDCE00B5F481 = {
			isa = PBXGroup;
			children = (
				49902E112884DDCE00B5F481 /* TrendMedia */,
				49902E102884DDCE00B5F481 /* Products */,
			);
			sourceTree = "<group>";
		};
		49902E102884DDCE00B5F481 /* Products */ = {
			isa = PBXGroup;
			children = (
				49902E0F2884DDCE00B5F481 /* TrendMedia.app */,
			);
			name = Products;
			sourceTree = "<group>";
		};
		49902E112884DDCE00B5F481 /* TrendMedia */ = {
			isa = PBXGroup;
			children = (
				49902E122884DDCE00B5F481 /* AppDelegate.swift */,
				49902E142884DDCE00B5F481 /* SceneDelegate.swift */,
				49902E162884DDCE00B5F481 /* ViewController.swift */,
				49902E262884F10F00B5F481 /* Home.storyboard */,
				49902E182884DDCE00B5F481 /* Main.storyboard */,
				490D915C2886405D006A686E /* New Group */,
				49902E1B2884DDD200B5F481 /* Assets.xcassets */,
				49902E1D2884DDD200B5F481 /* LaunchScreen.storyboard */,
				49902E202884DDD200B5F481 /* Info.plist */,
			);
			path = TrendMedia;
			sourceTree = "<group>";
		};
/* End PBXGroup section */

/* Begin PBXNativeTarget section */
		49902E0E2884DDCE00B5F481 /* TrendMedia */ = {
			isa = PBXNativeTarget;
			buildConfigurationList = 49902E232884DDD200B5F481 /* Build configuration list for PBXNativeTarget "TrendMedia" */;
			buildPhases = (
				49902E0B2884DDCE00B5F481 /* Sources */,
				49902E0C2884DDCE00B5F481 /* Frameworks */,
				49902E0D2884DDCE00B5F481 /* Resources */,
			);
			buildRules = (
			);
			dependencies = (
			);
			name = TrendMedia;
			packageProductDependencies = (
				49E3AD042887AE6C0057296C /* Kingfisher */,
				49E3AD072887AE810057296C /* Toast */,
			);
			productName = TrendMedia;
			productReference = 49902E0F2884DDCE00B5F481 /* TrendMedia.app */;
			productType = "com.apple.product-type.application";
		};
/* End PBXNativeTarget section */

/* Begin PBXProject section */
		49902E072884DDCE00B5F481 /* Project object */ = {
			isa = PBXProject;
			attributes = {
				BuildIndependentTargetsInParallel = 1;
				LastSwiftUpdateCheck = 1340;
				LastUpgradeCheck = 1340;
				TargetAttributes = {
					49902E0E2884DDCE00B5F481 = {
						CreatedOnToolsVersion = 13.4.1;
					};
				};
			};
			buildConfigurationList = 49902E0A2884DDCE00B5F481 /* Build configuration list for PBXProject "TrendMedia" */;
			compatibilityVersion = "Xcode 13.0";
			developmentRegion = en;
			hasScannedForEncodings = 0;
			knownRegions = (
				en,
				Base,
			);
			mainGroup = 49902E062884DDCE00B5F481;
			packageReferences = (
				49E3AD032887AE6C0057296C /* XCRemoteSwiftPackageReference "Kingfisher" */,
				49E3AD062887AE810057296C /* XCRemoteSwiftPackageReference "Toast-Swift" */,
			);
			productRefGroup = 49902E102884DDCE00B5F481 /* Products */;
			projectDirPath = "";
			projectRoot = "";
			targets = (
				49902E0E2884DDCE00B5F481 /* TrendMedia */,
			);
		};
/* End PBXProject section */

/* Begin PBXResourcesBuildPhase section */
		49902E0D2884DDCE00B5F481 /* Resources */ = {
			isa = PBXResourcesBuildPhase;
			buildActionMask = 2147483647;
			files = (
				490D915B28864045006A686E /* Trend.storyboard in Resources */,
				49902E1F2884DDD200B5F481 /* LaunchScreen.storyboard in Resources */,
				49902E1C2884DDD200B5F481 /* Assets.xcassets in Resources */,
				490D915E2886408B006A686E /* intro.storyboard in Resources */,
				49902E2B28850FD800B5F481 /* Setting.storyboard in Resources */,
				49902E1A2884DDCE00B5F481 /* Main.storyboard in Resources */,
				490D916C28869296006A686E /* Shopping.storyboard in Resources */,
				490D91592886400C006A686E /* Search.storyboard in Resources */,
				49902E272884F10F00B5F481 /* Home.storyboard in Resources */,
			);
			runOnlyForDeploymentPostprocessing = 0;
		};
/* End PBXResourcesBuildPhase section */

/* Begin PBXSourcesBuildPhase section */
		49902E0B2884DDCE00B5F481 /* Sources */ = {
			isa = PBXSourcesBuildPhase;
			buildActionMask = 2147483647;
			files = (
				490D91662886478E006A686E /* UITextField+Extension.swift in Sources */,
				49E3ACFE288795350057296C /* MovieInfo.swift in Sources */,
				490D9171288693AD006A686E /* ShoppingTableViewCell.swift in Sources */,
				49E3ACFC28878CA40057296C /* Movie.swift in Sources */,
				490D916F2886938F006A686E /* ShoppingTableViewController.swift in Sources */,
				49E3AD0028879AA60057296C /* Recommend1CollectionViewController.swift in Sources */,
				49902E292884FE3C00B5F481 /* HomeTableViewController.swift in Sources */,
				49E3ACFA288787750057296C /* SearchMovieTableViewCell.swift in Sources */,
				490D916228864414006A686E /* SearchViewController.swift in Sources */,
				490D916428864533006A686E /* UIViewController + Extension.swift in Sources */,
				49E3AD0C2887E2780057296C /* HarryPotterInfo.swift in Sources */,
				49902E172884DDCE00B5F481 /* ViewController.swift in Sources */,
				490D917728872C24006A686E /* SearchTableViewController.swift in Sources */,
				49902E132884DDCE00B5F481 /* AppDelegate.swift in Sources */,
				49902E152884DDCE00B5F481 /* SceneDelegate.swift in Sources */,
				490D916828864BA1006A686E /* BucketlistTableViewController.swift in Sources */,
				490D916028864408006A686E /* TrendViewController.swift in Sources */,
				49E3ACF82887871C0057296C /* SearchMovieTableViewController.swift in Sources */,
				49E3AD0228879DFB0057296C /* RecommendCollectionViewCell.swift in Sources */,
				490D916A28864DA0006A686E /* BucketlistTableViewCell.swift in Sources */,
				49EFE7DE2885657200F99CC9 /* SettingTableViewController.swift in Sources */,
				49E3AD0A2887DF090057296C /* HarryPotter.swift in Sources */,
				490D917528872C05006A686E /* SearchTableViewCell.swift in Sources */,
			);
			runOnlyForDeploymentPostprocessing = 0;
		};
/* End PBXSourcesBuildPhase section */

/* Begin PBXVariantGroup section */
		49902E182884DDCE00B5F481 /* Main.storyboard */ = {
			isa = PBXVariantGroup;
			children = (
				49902E192884DDCE00B5F481 /* Base */,
			);
			name = Main.storyboard;
			sourceTree = "<group>";
		};
		49902E1D2884DDD200B5F481 /* LaunchScreen.storyboard */ = {
			isa = PBXVariantGroup;
			children = (
				49902E1E2884DDD200B5F481 /* Base */,
			);
			name = LaunchScreen.storyboard;
			sourceTree = "<group>";
		};
/* End PBXVariantGroup section */

/* Begin XCBuildConfiguration section */
		49902E212884DDD200B5F481 /* Debug */ = {
			isa = XCBuildConfiguration;
			buildSettings = {
				ALWAYS_SEARCH_USER_PATHS = NO;
				CLANG_ANALYZER_NONNULL = YES;
				CLANG_ANALYZER_NUMBER_OBJECT_CONVERSION = YES_AGGRESSIVE;
				CLANG_CXX_LANGUAGE_STANDARD = "gnu++17";
				CLANG_ENABLE_MODULES = YES;
				CLANG_ENABLE_OBJC_ARC = YES;
				CLANG_ENABLE_OBJC_WEAK = YES;
				CLANG_WARN_BLOCK_CAPTURE_AUTORELEASING = YES;
				CLANG_WARN_BOOL_CONVERSION = YES;
				CLANG_WARN_COMMA = YES;
				CLANG_WARN_CONSTANT_CONVERSION = YES;
				CLANG_WARN_DEPRECATED_OBJC_IMPLEMENTATIONS = YES;
				CLANG_WARN_DIRECT_OBJC_ISA_USAGE = YES_ERROR;
				CLANG_WARN_DOCUMENTATION_COMMENTS = YES;
				CLANG_WARN_EMPTY_BODY = YES;
				CLANG_WARN_ENUM_CONVERSION = YES;
				CLANG_WARN_INFINITE_RECURSION = YES;
				CLANG_WARN_INT_CONVERSION = YES;
				CLANG_WARN_NON_LITERAL_NULL_CONVERSION = YES;
				CLANG_WARN_OBJC_IMPLICIT_RETAIN_SELF = YES;
				CLANG_WARN_OBJC_LITERAL_CONVERSION = YES;
				CLANG_WARN_OBJC_ROOT_CLASS = YES_ERROR;
				CLANG_WARN_QUOTED_INCLUDE_IN_FRAMEWORK_HEADER = YES;
				CLANG_WARN_RANGE_LOOP_ANALYSIS = YES;
				CLANG_WARN_STRICT_PROTOTYPES = YES;
				CLANG_WARN_SUSPICIOUS_MOVE = YES;
				CLANG_WARN_UNGUARDED_AVAILABILITY = YES_AGGRESSIVE;
				CLANG_WARN_UNREACHABLE_CODE = YES;
				CLANG_WARN__DUPLICATE_METHOD_MATCH = YES;
				COPY_PHASE_STRIP = NO;
				DEBUG_INFORMATION_FORMAT = dwarf;
				ENABLE_STRICT_OBJC_MSGSEND = YES;
				ENABLE_TESTABILITY = YES;
				GCC_C_LANGUAGE_STANDARD = gnu11;
				GCC_DYNAMIC_NO_PIC = NO;
				GCC_NO_COMMON_BLOCKS = YES;
				GCC_OPTIMIZATION_LEVEL = 0;
				GCC_PREPROCESSOR_DEFINITIONS = (
					"DEBUG=1",
					"$(inherited)",
				);
				GCC_WARN_64_TO_32_BIT_CONVERSION = YES;
				GCC_WARN_ABOUT_RETURN_TYPE = YES_ERROR;
				GCC_WARN_UNDECLARED_SELECTOR = YES;
				GCC_WARN_UNINITIALIZED_AUTOS = YES_AGGRESSIVE;
				GCC_WARN_UNUSED_FUNCTION = YES;
				GCC_WARN_UNUSED_VARIABLE = YES;
				IPHONEOS_DEPLOYMENT_TARGET = 15.5;
				MTL_ENABLE_DEBUG_INFO = INCLUDE_SOURCE;
				MTL_FAST_MATH = YES;
				ONLY_ACTIVE_ARCH = YES;
				SDKROOT = iphoneos;
				SWIFT_ACTIVE_COMPILATION_CONDITIONS = DEBUG;
				SWIFT_OPTIMIZATION_LEVEL = "-Onone";
			};
			name = Debug;
		};
		49902E222884DDD200B5F481 /* Release */ = {
			isa = XCBuildConfiguration;
			buildSettings = {
				ALWAYS_SEARCH_USER_PATHS = NO;
				CLANG_ANALYZER_NONNULL = YES;
				CLANG_ANALYZER_NUMBER_OBJECT_CONVERSION = YES_AGGRESSIVE;
				CLANG_CXX_LANGUAGE_STANDARD = "gnu++17";
				CLANG_ENABLE_MODULES = YES;
				CLANG_ENABLE_OBJC_ARC = YES;
				CLANG_ENABLE_OBJC_WEAK = YES;
				CLANG_WARN_BLOCK_CAPTURE_AUTORELEASING = YES;
				CLANG_WARN_BOOL_CONVERSION = YES;
				CLANG_WARN_COMMA = YES;
				CLANG_WARN_CONSTANT_CONVERSION = YES;
				CLANG_WARN_DEPRECATED_OBJC_IMPLEMENTATIONS = YES;
				CLANG_WARN_DIRECT_OBJC_ISA_USAGE = YES_ERROR;
				CLANG_WARN_DOCUMENTATION_COMMENTS = YES;
				CLANG_WARN_EMPTY_BODY = YES;
				CLANG_WARN_ENUM_CONVERSION = YES;
				CLANG_WARN_INFINITE_RECURSION = YES;
				CLANG_WARN_INT_CONVERSION = YES;
				CLANG_WARN_NON_LITERAL_NULL_CONVERSION = YES;
				CLANG_WARN_OBJC_IMPLICIT_RETAIN_SELF = YES;
				CLANG_WARN_OBJC_LITERAL_CONVERSION = YES;
				CLANG_WARN_OBJC_ROOT_CLASS = YES_ERROR;
				CLANG_WARN_QUOTED_INCLUDE_IN_FRAMEWORK_HEADER = YES;
				CLANG_WARN_RANGE_LOOP_ANALYSIS = YES;
				CLANG_WARN_STRICT_PROTOTYPES = YES;
				CLANG_WARN_SUSPICIOUS_MOVE = YES;
				CLANG_WARN_UNGUARDED_AVAILABILITY = YES_AGGRESSIVE;
				CLANG_WARN_UNREACHABLE_CODE = YES;
				CLANG_WARN__DUPLICATE_METHOD_MATCH = YES;
				COPY_PHASE_STRIP = NO;
				DEBUG_INFORMATION_FORMAT = "dwarf-with-dsym";
				ENABLE_NS_ASSERTIONS = NO;
				ENABLE_STRICT_OBJC_MSGSEND = YES;
				GCC_C_LANGUAGE_STANDARD = gnu11;
				GCC_NO_COMMON_BLOCKS = YES;
				GCC_WARN_64_TO_32_BIT_CONVERSION = YES;
				GCC_WARN_ABOUT_RETURN_TYPE = YES_ERROR;
				GCC_WARN_UNDECLARED_SELECTOR = YES;
				GCC_WARN_UNINITIALIZED_AUTOS = YES_AGGRESSIVE;
				GCC_WARN_UNUSED_FUNCTION = YES;
				GCC_WARN_UNUSED_VARIABLE = YES;
				IPHONEOS_DEPLOYMENT_TARGET = 15.5;
				MTL_ENABLE_DEBUG_INFO = NO;
				MTL_FAST_MATH = YES;
				SDKROOT = iphoneos;
				SWIFT_COMPILATION_MODE = wholemodule;
				SWIFT_OPTIMIZATION_LEVEL = "-O";
				VALIDATE_PRODUCT = YES;
			};
			name = Release;
		};
		49902E242884DDD200B5F481 /* Debug */ = {
			isa = XCBuildConfiguration;
			buildSettings = {
				ASSETCATALOG_COMPILER_APPICON_NAME = AppIcon;
				ASSETCATALOG_COMPILER_GLOBAL_ACCENT_COLOR_NAME = AccentColor;
				CODE_SIGN_STYLE = Automatic;
				CURRENT_PROJECT_VERSION = 1;
				DEVELOPMENT_TEAM = AW5HC5SGGG;
				GENERATE_INFOPLIST_FILE = YES;
				INFOPLIST_FILE = TrendMedia/Info.plist;
				INFOPLIST_KEY_UIApplicationSupportsIndirectInputEvents = YES;
				INFOPLIST_KEY_UILaunchStoryboardName = LaunchScreen;
				INFOPLIST_KEY_UIMainStoryboardFile = Search;
				INFOPLIST_KEY_UISupportedInterfaceOrientations_iPad = "UIInterfaceOrientationPortrait UIInterfaceOrientationPortraitUpsideDown UIInterfaceOrientationLandscapeLeft UIInterfaceOrientationLandscapeRight";
				INFOPLIST_KEY_UISupportedInterfaceOrientations_iPhone = "UIInterfaceOrientationPortrait UIInterfaceOrientationLandscapeLeft UIInterfaceOrientationLandscapeRight";
				LD_RUNPATH_SEARCH_PATHS = (
					"$(inherited)",
					"@executable_path/Frameworks",
				);
				MARKETING_VERSION = 1.0;
				PRODUCT_BUNDLE_IDENTIFIER = com.dlee..TrendMedia;
				PRODUCT_NAME = "$(TARGET_NAME)";
				SWIFT_EMIT_LOC_STRINGS = YES;
				SWIFT_VERSION = 5.0;
				TARGETED_DEVICE_FAMILY = 1;
			};
			name = Debug;
		};
		49902E252884DDD200B5F481 /* Release */ = {
			isa = XCBuildConfiguration;
			buildSettings = {
				ASSETCATALOG_COMPILER_APPICON_NAME = AppIcon;
				ASSETCATALOG_COMPILER_GLOBAL_ACCENT_COLOR_NAME = AccentColor;
				CODE_SIGN_STYLE = Automatic;
				CURRENT_PROJECT_VERSION = 1;
				DEVELOPMENT_TEAM = AW5HC5SGGG;
				GENERATE_INFOPLIST_FILE = YES;
				INFOPLIST_FILE = TrendMedia/Info.plist;
				INFOPLIST_KEY_UIApplicationSupportsIndirectInputEvents = YES;
				INFOPLIST_KEY_UILaunchStoryboardName = LaunchScreen;
				INFOPLIST_KEY_UIMainStoryboardFile = Search;
				INFOPLIST_KEY_UISupportedInterfaceOrientations_iPad = "UIInterfaceOrientationPortrait UIInterfaceOrientationPortraitUpsideDown UIInterfaceOrientationLandscapeLeft UIInterfaceOrientationLandscapeRight";
				INFOPLIST_KEY_UISupportedInterfaceOrientations_iPhone = "UIInterfaceOrientationPortrait UIInterfaceOrientationLandscapeLeft UIInterfaceOrientationLandscapeRight";
				LD_RUNPATH_SEARCH_PATHS = (
					"$(inherited)",
					"@executable_path/Frameworks",
				);
				MARKETING_VERSION = 1.0;
				PRODUCT_BUNDLE_IDENTIFIER = com.dlee..TrendMedia;
				PRODUCT_NAME = "$(TARGET_NAME)";
				SWIFT_EMIT_LOC_STRINGS = YES;
				SWIFT_VERSION = 5.0;
				TARGETED_DEVICE_FAMILY = 1;
			};
			name = Release;
		};
/* End XCBuildConfiguration section */

/* Begin XCConfigurationList section */
		49902E0A2884DDCE00B5F481 /* Build configuration list for PBXProject "TrendMedia" */ = {
			isa = XCConfigurationList;
			buildConfigurations = (
				49902E212884DDD200B5F481 /* Debug */,
				49902E222884DDD200B5F481 /* Release */,
			);
			defaultConfigurationIsVisible = 0;
			defaultConfigurationName = Release;
		};
		49902E232884DDD200B5F481 /* Build configuration list for PBXNativeTarget "TrendMedia" */ = {
			isa = XCConfigurationList;
			buildConfigurations = (
				49902E242884DDD200B5F481 /* Debug */,
				49902E252884DDD200B5F481 /* Release */,
			);
			defaultConfigurationIsVisible = 0;
			defaultConfigurationName = Release;
		};
/* End XCConfigurationList section */

/* Begin XCRemoteSwiftPackageReference section */
		49E3AD032887AE6C0057296C /* XCRemoteSwiftPackageReference "Kingfisher" */ = {
			isa = XCRemoteSwiftPackageReference;
			repositoryURL = "https://github.com/onevcat/Kingfisher.git";
			requirement = {
				kind = upToNextMajorVersion;
				minimumVersion = 7.0.0;
			};
		};
		49E3AD062887AE810057296C /* XCRemoteSwiftPackageReference "Toast-Swift" */ = {
			isa = XCRemoteSwiftPackageReference;
			repositoryURL = "https://github.com/scalessec/Toast-Swift";
			requirement = {
				kind = upToNextMajorVersion;
				minimumVersion = 5.0.0;
			};
		};
/* End XCRemoteSwiftPackageReference section */

/* Begin XCSwiftPackageProductDependency section */
		49E3AD042887AE6C0057296C /* Kingfisher */ = {
			isa = XCSwiftPackageProductDependency;
			package = 49E3AD032887AE6C0057296C /* XCRemoteSwiftPackageReference "Kingfisher" */;
			productName = Kingfisher;
		};
		49E3AD072887AE810057296C /* Toast */ = {
			isa = XCSwiftPackageProductDependency;
			package = 49E3AD062887AE810057296C /* XCRemoteSwiftPackageReference "Toast-Swift" */;
			productName = Toast;
		};
/* End XCSwiftPackageProductDependency section */
	};
	rootObject = 49902E072884DDCE00B5F481 /* Project object */;
}
